
Microsoft Visual Studio Solution File, Format Version 12.00
Project("{FAE04EC0-301F-11D3-BF4B-00C04F79EFBC}") = "Mastering Design Patterns in Csharp", "Mastering Design Patterns in Csharp\Mastering Design Patterns in Csharp.csproj", "{3857E883-0771-466D-99AE-18B64BC4484C}"
EndProject
Global
	GlobalSection(SolutionConfigurationPlatforms) = preSolution
		Debug|Any CPU = Debug|Any CPU
		Release|Any CPU = Release|Any CPU
	EndGlobalSection
	GlobalSection(ProjectConfigurationPlatforms) = postSolution
		{3857E883-0771-466D-99AE-18B64BC4484C}.Debug|Any CPU.ActiveCfg = Debug|Any CPU
		{3857E883-0771-466D-99AE-18B64BC4484C}.Debug|Any CPU.Build.0 = Debug|Any CPU
		{3857E883-0771-466D-99AE-18B64BC4484C}.Release|Any CPU.ActiveCfg = Release|Any CPU
		{3857E883-0771-466D-99AE-18B64BC4484C}.Release|Any CPU.Build.0 = Release|Any CPU
	EndGlobalSection
EndGlobal
